
Microsoft Visual Studio Solution File, Format Version 12.00
# Visual Studio Version 16
VisualStudioVersion = 16.0.28729.10
MinimumVisualStudioVersion = 10.0.40219.1
Project("{FAE04EC0-301F-11D3-BF4B-00C04F79EFBC}") = "XF40Demo.Android", "XF40Demo\XF40Demo.Android\XF40Demo.Android.csproj", "{ED04E2D8-265A-487B-B72E-5140C833AAAE}"
EndProject
Project("{9A19103F-16F7-4668-BE54-9A1E7A4F7556}") = "XF40Demo", "XF40Demo\XF40Demo\XF40Demo.csproj", "{CF52515E-60AD-49DA-B476-87DE62CA20CC}"
EndProject
Project("{9A19103F-16F7-4668-BE54-9A1E7A4F7556}") = "UnitTests", "XF40Demo\UnitTests\UnitTests.csproj", "{961A3B44-B7FB-4663-9B08-73726C11F51C}"
EndProject
Global
	GlobalSection(SolutionConfigurationPlatforms) = preSolution
		Debug|Any CPU = Debug|Any CPU
		Release|Any CPU = Release|Any CPU
	EndGlobalSection
	GlobalSection(ProjectConfigurationPlatforms) = postSolution
		{ED04E2D8-265A-487B-B72E-5140C833AAAE}.Debug|Any CPU.ActiveCfg = Debug|Any CPU
		{ED04E2D8-265A-487B-B72E-5140C833AAAE}.Debug|Any CPU.Build.0 = Debug|Any CPU
		{ED04E2D8-265A-487B-B72E-5140C833AAAE}.Debug|Any CPU.Deploy.0 = Debug|Any CPU
		{ED04E2D8-265A-487B-B72E-5140C833AAAE}.Release|Any CPU.ActiveCfg = Release|Any CPU
		{ED04E2D8-265A-487B-B72E-5140C833AAAE}.Release|Any CPU.Build.0 = Release|Any CPU
		{ED04E2D8-265A-487B-B72E-5140C833AAAE}.Release|Any CPU.Deploy.0 = Release|Any CPU
		{CF52515E-60AD-49DA-B476-87DE62CA20CC}.Debug|Any CPU.ActiveCfg = Debug|Any CPU
		{CF52515E-60AD-49DA-B476-87DE62CA20CC}.Debug|Any CPU.Build.0 = Debug|Any CPU
		{CF52515E-60AD-49DA-B476-87DE62CA20CC}.Debug|Any CPU.Deploy.0 = Debug|Any CPU
		{CF52515E-60AD-49DA-B476-87DE62CA20CC}.Release|Any CPU.ActiveCfg = Release|Any CPU
		{CF52515E-60AD-49DA-B476-87DE62CA20CC}.Release|Any CPU.Build.0 = Release|Any CPU
		{CF52515E-60AD-49DA-B476-87DE62CA20CC}.Release|Any CPU.Deploy.0 = Release|Any CPU
		{961A3B44-B7FB-4663-9B08-73726C11F51C}.Debug|Any CPU.ActiveCfg = Debug|Any CPU
		{961A3B44-B7FB-4663-9B08-73726C11F51C}.Debug|Any CPU.Build.0 = Debug|Any CPU
		{961A3B44-B7FB-4663-9B08-73726C11F51C}.Release|Any CPU.ActiveCfg = Release|Any CPU
		{961A3B44-B7FB-4663-9B08-73726C11F51C}.Release|Any CPU.Build.0 = Release|Any CPU
	EndGlobalSection
	GlobalSection(SolutionProperties) = preSolution
		HideSolutionNode = FALSE
	EndGlobalSection
	GlobalSection(ExtensibilityGlobals) = postSolution
		SolutionGuid = {5679DC23-4002-4900-B93F-1D08790C7087}
	EndGlobalSection
EndGlobal
